
Microsoft Visual Studio Solution File, Format Version 12.00
# Visual Studio Version 17
VisualStudioVersion = 17.6.33829.357
MinimumVisualStudioVersion = 10.0.40219.1
Project("{FAE04EC0-301F-11D3-BF4B-00C04F79EFBC}") = "Ejercicio1", "Ejercicio1.csproj", "{256CFA71-1460-4988-8F56-6E0F997C6D7C}"
EndProject
Global
	GlobalSection(SolutionConfigurationPlatforms) = preSolution
		Debug|Any CPU = Debug|Any CPU
		Release|Any CPU = Release|Any CPU
	EndGlobalSection
	GlobalSection(ProjectConfigurationPlatforms) = postSolution
		{256CFA71-1460-4988-8F56-6E0F997C6D7C}.Debug|Any CPU.ActiveCfg = Debug|Any CPU
		{256CFA71-1460-4988-8F56-6E0F997C6D7C}.Debug|Any CPU.Build.0 = Debug|Any CPU
		{256CFA71-1460-4988-8F56-6E0F997C6D7C}.Release|Any CPU.ActiveCfg = Release|Any CPU
		{256CFA71-1460-4988-8F56-6E0F997C6D7C}.Release|Any CPU.Build.0 = Release|Any CPU
	EndGlobalSection
	GlobalSection(SolutionProperties) = preSolution
		HideSolutionNode = FALSE
	EndGlobalSection
	GlobalSection(ExtensibilityGlobals) = postSolution
		SolutionGuid = {61A606BF-1348-4575-B911-5AABCE3054F0}
	EndGlobalSection
EndGlobal
